# This file is generated by running "yarn install" inside your project.
# Manual changes might be lost - proceed with caution!

__metadata:
  version: 8
  cacheKey: 10c0

"css-declaration-sorter@npm:^7.1.1":
  version: 7.2.0
  resolution: "css-declaration-sorter@npm:7.2.0"
  peerDependencies:
    postcss: ^8.0.9
  checksum: 10c0/d8516be94f8f2daa233ef021688b965c08161624cbf830a4d7ee1099429437c0ee124d35c91b1c659cfd891a68e8888aa941726dab12279bc114aaed60a94606
  languageName: node
  linkType: hard

"edu.web-developer@workspace:.":
  version: 0.0.0-use.local
  resolution: "edu.web-developer@workspace:."
  dependencies:
    postcss: "npm:^8.4.41"
    prettier: "npm:^3.3.3"
    prettier-plugin-css-order: "npm:^2.1.2"
    prettier-plugin-organize-attributes: "npm:^1.0.0"
  languageName: unknown
  linkType: soft

"nanoid@npm:^3.3.7":
  version: 3.3.7
  resolution: "nanoid@npm:3.3.7"
  bin:
    nanoid: bin/nanoid.cjs
  checksum: 10c0/e3fb661aa083454f40500473bb69eedb85dc160e763150b9a2c567c7e9ff560ce028a9f833123b618a6ea742e311138b591910e795614a629029e86e180660f3
  languageName: node
  linkType: hard

"picocolors@npm:^1.0.1":
  version: 1.0.1
  resolution: "picocolors@npm:1.0.1"
  checksum: 10c0/c63cdad2bf812ef0d66c8db29583802355d4ca67b9285d846f390cc15c2f6ccb94e8cb7eb6a6e97fc5990a6d3ad4ae42d86c84d3146e667c739a4234ed50d400
  languageName: node
  linkType: hard

"postcss-less@npm:^6.0.0":
  version: 6.0.0
  resolution: "postcss-less@npm:6.0.0"
  peerDependencies:
    postcss: ^8.3.5
  checksum: 10c0/09869ba66e1340f03d6ffd34cba2721f48d1c4a71314af5b10d8a3cc4f78c15f22da809442bf5e50d04eff2a96389d6a0fdb9f0c20a191945aacfb1747fd47ca
  languageName: node
  linkType: hard

"postcss-scss@npm:^4.0.9":
  version: 4.0.9
  resolution: "postcss-scss@npm:4.0.9"
  peerDependencies:
    postcss: ^8.4.29
  checksum: 10c0/f917ecfd4b9113a6648e966a41f027ff7e14238393914978d44596e227a50f084667dc8818742348dc7d8b20130b30d4259aca1d4db86754a9c141202ae03714
  languageName: node
  linkType: hard

"postcss@npm:^8.4.41":
  version: 8.4.41
  resolution: "postcss@npm:8.4.41"
  dependencies:
    nanoid: "npm:^3.3.7"
    picocolors: "npm:^1.0.1"
    source-map-js: "npm:^1.2.0"
  checksum: 10c0/c1828fc59e7ec1a3bf52b3a42f615dba53c67960ed82a81df6441b485fe43c20aba7f4e7c55425762fd99c594ecabbaaba8cf5b30fd79dfec5b52a9f63a2d690
  languageName: node
  linkType: hard

"prettier-plugin-css-order@npm:^2.1.2":
  version: 2.1.2
  resolution: "prettier-plugin-css-order@npm:2.1.2"
  dependencies:
    css-declaration-sorter: "npm:^7.1.1"
    postcss-less: "npm:^6.0.0"
    postcss-scss: "npm:^4.0.9"
  peerDependencies:
    prettier: 3.x
  checksum: 10c0/e6e8230048fb9d994cde207796b35e0e074cb83420b0c17c764353da290bb2b3d099265bf65537a70c03e60a0854bfa4ce2576b436933d8b4b0d86bdd61a6e73
  languageName: node
  linkType: hard

"prettier-plugin-organize-attributes@npm:^1.0.0":
  version: 1.0.0
  resolution: "prettier-plugin-organize-attributes@npm:1.0.0"
  peerDependencies:
    prettier: ^3.0.0
  checksum: 10c0/eb84691390eadd256ec8ec34ad6946f7ebdbbe7ff0ec26ca569cb9e74f94677c9b4cfe1b34df06d3a01a68700bdab87c9a6d1e8c62dafc8ae53c73fd3d255b60
  languageName: node
  linkType: hard

"prettier@npm:^3.3.3":
  version: 3.3.3
  resolution: "prettier@npm:3.3.3"
  bin:
    prettier: bin/prettier.cjs
  checksum: 10c0/b85828b08e7505716324e4245549b9205c0cacb25342a030ba8885aba2039a115dbcf75a0b7ca3b37bc9d101ee61fab8113fc69ca3359f2a226f1ecc07ad2e26
  languageName: node
  linkType: hard

"source-map-js@npm:^1.2.0":
  version: 1.2.0
  resolution: "source-map-js@npm:1.2.0"
  checksum: 10c0/7e5f896ac10a3a50fe2898e5009c58ff0dc102dcb056ed27a354623a0ece8954d4b2649e1a1b2b52ef2e161d26f8859c7710350930751640e71e374fe2d321a4
  languageName: node
  linkType: hard
